
Microsoft Visual Studio Solution File, Format Version 12.00
# Visual Studio Version 17
VisualStudioVersion = 17.3.32819.101
MinimumVisualStudioVersion = 10.0.40219.1
Project("{FAE04EC0-301F-11D3-BF4B-00C04F79EFBC}") = "RandomType", "RandomType\RandomType.csproj", "{A126B916-CE57-4090-9B7C-7BE0AFEECE93}"
EndProject
Global
	GlobalSection(SolutionConfigurationPlatforms) = preSolution
		Debug|Any CPU = Debug|Any CPU
		Release|Any CPU = Release|Any CPU
	EndGlobalSection
	GlobalSection(ProjectConfigurationPlatforms) = postSolution
		{A126B916-CE57-4090-9B7C-7BE0AFEECE93}.Debug|Any CPU.ActiveCfg = Debug|Any CPU
		{A126B916-CE57-4090-9B7C-7BE0AFEECE93}.Debug|Any CPU.Build.0 = Debug|Any CPU
		{A126B916-CE57-4090-9B7C-7BE0AFEECE93}.Release|Any CPU.ActiveCfg = Release|Any CPU
		{A126B916-CE57-4090-9B7C-7BE0AFEECE93}.Release|Any CPU.Build.0 = Release|Any CPU
	EndGlobalSection
	GlobalSection(SolutionProperties) = preSolution
		HideSolutionNode = FALSE
	EndGlobalSection
	GlobalSection(ExtensibilityGlobals) = postSolution
		SolutionGuid = {16369859-A62E-45AE-BC8C-008D21378CFF}
	EndGlobalSection
EndGlobal
